
Microsoft Visual Studio Solution File, Format Version 12.00
# Visual Studio 2013
VisualStudioVersion = 12.0.31101.0
MinimumVisualStudioVersion = 10.0.40219.1
Project("{FAE04EC0-301F-11D3-BF4B-00C04F79EFBC}") = "NewsProcessorTests", "TrendAnalyzerTests\NewsProcessorTests.csproj", "{2296220E-3115-40DF-9BB3-E83094F8D5E8}"
EndProject
Project("{FAE04EC0-301F-11D3-BF4B-00C04F79EFBC}") = "NewsProcessor", "TrendAnalyzer\NewsProcessor.csproj", "{BD855062-FB52-42CA-B5DA-90DB12245CDC}"
EndProject
Global
	GlobalSection(TeamFoundationVersionControl) = preSolution
		SccNumberOfProjects = 3
		SccEnterpriseProvider = {4CA58AB2-18FA-4F8D-95D4-32DDF27D184C}
		SccTeamFoundationServer = https://eusebio.visualstudio.com/defaultcollection
		SccLocalPath0 = .
		SccProjectUniqueName1 = TrendAnalyzer\\NewsProcessor.csproj
		SccProjectName1 = TrendAnalyzer
		SccLocalPath1 = TrendAnalyzer
		SccProjectUniqueName2 = TrendAnalyzerTests\\NewsProcessorTests.csproj
		SccProjectName2 = TrendAnalyzerTests
		SccLocalPath2 = TrendAnalyzerTests
	EndGlobalSection
	GlobalSection(SolutionConfigurationPlatforms) = preSolution
		Debug|Any CPU = Debug|Any CPU
		Release|Any CPU = Release|Any CPU
	EndGlobalSection
	GlobalSection(ProjectConfigurationPlatforms) = postSolution
		{2296220E-3115-40DF-9BB3-E83094F8D5E8}.Debug|Any CPU.ActiveCfg = Debug|Any CPU
		{2296220E-3115-40DF-9BB3-E83094F8D5E8}.Debug|Any CPU.Build.0 = Debug|Any CPU
		{2296220E-3115-40DF-9BB3-E83094F8D5E8}.Release|Any CPU.ActiveCfg = Release|Any CPU
		{2296220E-3115-40DF-9BB3-E83094F8D5E8}.Release|Any CPU.Build.0 = Release|Any CPU
		{BD855062-FB52-42CA-B5DA-90DB12245CDC}.Debug|Any CPU.ActiveCfg = Debug|Any CPU
		{BD855062-FB52-42CA-B5DA-90DB12245CDC}.Debug|Any CPU.Build.0 = Debug|Any CPU
		{BD855062-FB52-42CA-B5DA-90DB12245CDC}.Release|Any CPU.ActiveCfg = Release|Any CPU
		{BD855062-FB52-42CA-B5DA-90DB12245CDC}.Release|Any CPU.Build.0 = Release|Any CPU
	EndGlobalSection
	GlobalSection(SolutionProperties) = preSolution
		HideSolutionNode = FALSE
	EndGlobalSection
EndGlobal
